{
  "nodes": {
    "flake-utils": {
      "inputs": {
        "systems": "systems"
      },
      "locked": {
        "lastModified": 1681202837,
        "narHash": "sha256-H+Rh19JDwRtpVPAWp64F+rlEtxUWBAQW28eAi3SRSzg=",
        "owner": "numtide",
        "repo": "flake-utils",
        "rev": "cfacdce06f30d2b68473a46042957675eebb3401",
        "type": "github"
      },
      "original": {
        "owner": "numtide",
        "repo": "flake-utils",
        "type": "github"
      }
    },
    "godot": {
      "flake": false,
      "locked": {
        "lastModified": 1684499410,
        "narHash": "sha256-l1cAlvuXqK7Mu+tMmfs7jNTipEE1kT+w74XiiGYRuvY=",
        "owner": "godotengine",
        "repo": "godot",
        "rev": "9ad9820f5d2a4357ad16480f88a679fce8ecd492",
        "type": "github"
      },
      "original": {
        "owner": "godotengine",
        "repo": "godot",
        "type": "github"
      }
    },
    "godot-cpp": {
      "flake": false,
      "locked": {
        "lastModified": 1684250791,
        "narHash": "sha256-ggXUv1y9H8er813SMa5NLpFS+Qv0YdCh6Bs2ZJu4ENc=",
        "owner": "godotengine",
        "repo": "godot-cpp",
        "rev": "1c18413de00f1a6265b2b6c30175b2f6a434b574",
        "type": "github"
      },
      "original": {
        "owner": "godotengine",
        "repo": "godot-cpp",
        "type": "github"
      }
    },
    "godot-flake": {
      "inputs": {
        "flake-utils": "flake-utils",
        "godot": "godot",
        "godot-cpp": "godot-cpp",
        "nixgl": "nixgl",
        "nixpkgs": "nixpkgs"
      },
      "locked": {
        "lastModified": 1684502435,
        "narHash": "sha256-gaOjUg8Y5Dx+CQscmFUwnGZCFnvXUjCieMU7yVKLiFM=",
        "owner": "MadMcCrow",
        "repo": "godot-flake",
        "rev": "a85d940c87d15d242ad50480831aadfea8c7ef66",
        "type": "github"
      },
      "original": {
        "owner": "MadMcCrow",
        "repo": "godot-flake",
        "type": "github"
      }
    },
    "nixgl": {
      "inputs": {
        "flake-utils": [
          "godot-flake",
          "flake-utils"
        ],
        "nixpkgs": [
          "godot-flake",
          "nixpkgs"
        ]
      },
      "locked": {
        "lastModified": 1676383589,
        "narHash": "sha256-KCkWZXCjH+C4Kn7fUGSrEl5btk+sERHhZueSsvVbPWc=",
        "owner": "guibou",
        "repo": "nixGL",
        "rev": "c917918ab9ebeee27b0dd657263d3f57ba6bb8ad",
        "type": "github"
      },
      "original": {
        "owner": "guibou",
        "repo": "nixGL",
        "type": "github"
      }
    },
    "nixpkgs": {
      "locked": {
        "lastModified": 1684385584,
        "narHash": "sha256-O7y0gK8OLIDqz+LaHJJyeu09IGiXlZIS3+JgEzGmmJA=",
        "owner": "nixos",
        "repo": "nixpkgs",
        "rev": "48a0fb7aab511df92a17cf239c37f2bd2ec9ae3a",
        "type": "github"
      },
      "original": {
        "owner": "nixos",
        "ref": "nixos-unstable",
        "repo": "nixpkgs",
        "type": "github"
      }
    },
    "nixpkgs_2": {
      "locked": {
        "lastModified": 1683408522,
        "narHash": "sha256-9kcPh6Uxo17a3kK3XCHhcWiV1Yu1kYj22RHiymUhMkU=",
        "path": "/nix/store/zjpd6dn9kza8zl3l17cwgyifsxbvi3nb-source",
        "rev": "897876e4c484f1e8f92009fd11b7d988a121a4e7",
        "type": "path"
      },
      "original": {
        "id": "nixpkgs",
        "type": "indirect"
      }
    },
    "root": {
      "inputs": {
        "godot-flake": "godot-flake",
        "nixpkgs": "nixpkgs_2"
      }
    },
    "systems": {
      "locked": {
        "lastModified": 1681028828,
        "narHash": "sha256-Vy1rq5AaRuLzOxct8nz4T6wlgyUR7zLU309k9mBC768=",
        "owner": "nix-systems",
        "repo": "default",
        "rev": "da67096a3b9bf56a91d16901293e51ba5b49a27e",
        "type": "github"
      },
      "original": {
        "owner": "nix-systems",
        "repo": "default",
        "type": "github"
      }
    }
  },
  "root": "root",
  "version": 7
}
